
Microsoft Visual Studio Solution File, Format Version 12.00
# Visual Studio Version 16
VisualStudioVersion = 16.0.29613.14
MinimumVisualStudioVersion = 10.0.40219.1
Project("{9A19103F-16F7-4668-BE54-9A1E7A4F7556}") = "Puffix.Utilities", "Puffix.Utilities\Puffix.Utilities.csproj", "{A28A7DE7-C34A-41F6-8417-6A7F13B2C426}"
EndProject
Project("{9A19103F-16F7-4668-BE54-9A1E7A4F7556}") = "Tests.Puffix.Utilities", "Tests.Puffix.Utilities\Tests.Puffix.Utilities.csproj", "{91C2FEAF-E950-4A44-827A-714BAC4B92FB}"
EndProject
Project("{2150E333-8FDC-42A3-9474-1A3956D46DE8}") = "GithubBuild", "GithubBuild", "{41A580D5-2CE6-4867-8D09-F38B17B3A600}"
	ProjectSection(SolutionItems) = preProject
		.github\workflows\codeql-analysis.yml = .github\workflows\codeql-analysis.yml
		.github\workflows\dotnet-core.yml = .github\workflows\dotnet-core.yml
	EndProjectSection
EndProject
Global
	GlobalSection(SolutionConfigurationPlatforms) = preSolution
		Debug|Any CPU = Debug|Any CPU
		Release|Any CPU = Release|Any CPU
	EndGlobalSection
	GlobalSection(ProjectConfigurationPlatforms) = postSolution
		{A28A7DE7-C34A-41F6-8417-6A7F13B2C426}.Debug|Any CPU.ActiveCfg = Debug|Any CPU
		{A28A7DE7-C34A-41F6-8417-6A7F13B2C426}.Debug|Any CPU.Build.0 = Debug|Any CPU
		{A28A7DE7-C34A-41F6-8417-6A7F13B2C426}.Release|Any CPU.ActiveCfg = Release|Any CPU
		{A28A7DE7-C34A-41F6-8417-6A7F13B2C426}.Release|Any CPU.Build.0 = Release|Any CPU
		{91C2FEAF-E950-4A44-827A-714BAC4B92FB}.Debug|Any CPU.ActiveCfg = Debug|Any CPU
		{91C2FEAF-E950-4A44-827A-714BAC4B92FB}.Debug|Any CPU.Build.0 = Debug|Any CPU
		{91C2FEAF-E950-4A44-827A-714BAC4B92FB}.Release|Any CPU.ActiveCfg = Release|Any CPU
		{91C2FEAF-E950-4A44-827A-714BAC4B92FB}.Release|Any CPU.Build.0 = Release|Any CPU
	EndGlobalSection
	GlobalSection(SolutionProperties) = preSolution
		HideSolutionNode = FALSE
	EndGlobalSection
	GlobalSection(ExtensibilityGlobals) = postSolution
		SolutionGuid = {22ADD671-4390-4BA6-99CE-6D63338500BA}
	EndGlobalSection
EndGlobal
